// !$*UTF8*$!
{
	archiveVersion = 1;
	classes = {
	};
	objectVersion = 52;
	objects = {

/* Begin PBXBuildFile section */
		6BD3660C24DA4D0700B441DB /* Network in Frameworks */ = {isa = PBXBuildFile; productRef = 6BD3660B24DA4D0700B441DB /* Network */; };
		6BDE4F0B24C66E6700D6535A /* AppDelegate.swift in Sources */ = {isa = PBXBuildFile; fileRef = 6BDE4F0A24C66E6700D6535A /* AppDelegate.swift */; };
		6BDE4F0D24C66E6700D6535A /* SceneDelegate.swift in Sources */ = {isa = PBXBuildFile; fileRef = 6BDE4F0C24C66E6700D6535A /* SceneDelegate.swift */; };
		6BDE4F1224C66E6700D6535A /* Main.storyboard in Resources */ = {isa = PBXBuildFile; fileRef = 6BDE4F1024C66E6700D6535A /* Main.storyboard */; };
		6BDE4F1424C66E6700D6535A /* Assets.xcassets in Resources */ = {isa = PBXBuildFile; fileRef = 6BDE4F1324C66E6700D6535A /* Assets.xcassets */; };
		6BDE4F1724C66E6700D6535A /* LaunchScreen.storyboard in Resources */ = {isa = PBXBuildFile; fileRef = 6BDE4F1524C66E6700D6535A /* LaunchScreen.storyboard */; };
		6BDE4F2224C66E6800D6535A /* TravelerTests.swift in Sources */ = {isa = PBXBuildFile; fileRef = 6BDE4F2124C66E6800D6535A /* TravelerTests.swift */; };
		6BDE4F3524C67E2A00D6535A /* TravelViewController.swift in Sources */ = {isa = PBXBuildFile; fileRef = 6BDE4F3424C67E2A00D6535A /* TravelViewController.swift */; };
		6BDE4F3924C67E6B00D6535A /* HotelsViewController.swift in Sources */ = {isa = PBXBuildFile; fileRef = 6BDE4F3824C67E6B00D6535A /* HotelsViewController.swift */; };
		6BDE4F4224C7B48C00D6535A /* Hotels.storyboard in Resources */ = {isa = PBXBuildFile; fileRef = 6BDE4F4124C7B48C00D6535A /* Hotels.storyboard */; };
		6BDE4F4424C7B70A00D6535A /* Travel.storyboard in Resources */ = {isa = PBXBuildFile; fileRef = 6BDE4F4324C7B70A00D6535A /* Travel.storyboard */; };
		6BDE4F4624C7BC1300D6535A /* Images.xcassets in Resources */ = {isa = PBXBuildFile; fileRef = 6BDE4F4524C7BC1300D6535A /* Images.xcassets */; };
		6BDE4F4824C9064600D6535A /* Places.swift in Sources */ = {isa = PBXBuildFile; fileRef = 6BDE4F4724C9064600D6535A /* Places.swift */; };
		6BDE4F4C24C90B3000D6535A /* PlacesViewCell.swift in Sources */ = {isa = PBXBuildFile; fileRef = 6BDE4F4A24C90B3000D6535A /* PlacesViewCell.swift */; };
		6BDE4F4D24C90B3000D6535A /* PlacesViewCell.xib in Resources */ = {isa = PBXBuildFile; fileRef = 6BDE4F4B24C90B3000D6535A /* PlacesViewCell.xib */; };
/* End PBXBuildFile section */

/* Begin PBXContainerItemProxy section */
		6BDE4F1E24C66E6800D6535A /* PBXContainerItemProxy */ = {
			isa = PBXContainerItemProxy;
			containerPortal = 6BDE4EFF24C66E6600D6535A /* Project object */;
			proxyType = 1;
			remoteGlobalIDString = 6BDE4F0624C66E6600D6535A;
			remoteInfo = Traveler;
		};
/* End PBXContainerItemProxy section */

/* Begin PBXFileReference section */
		6BD3660724DA4A9700B441DB /* Network */ = {isa = PBXFileReference; lastKnownFileType = folder; path = Network; sourceTree = "<group>"; };
		6BDE4F0724C66E6700D6535A /* Traveler.app */ = {isa = PBXFileReference; explicitFileType = wrapper.application; includeInIndex = 0; path = Traveler.app; sourceTree = BUILT_PRODUCTS_DIR; };
		6BDE4F0A24C66E6700D6535A /* AppDelegate.swift */ = {isa = PBXFileReference; lastKnownFileType = sourcecode.swift; path = AppDelegate.swift; sourceTree = "<group>"; };
		6BDE4F0C24C66E6700D6535A /* SceneDelegate.swift */ = {isa = PBXFileReference; lastKnownFileType = sourcecode.swift; path = SceneDelegate.swift; sourceTree = "<group>"; };
		6BDE4F1124C66E6700D6535A /* Base */ = {isa = PBXFileReference; lastKnownFileType = file.storyboard; name = Base; path = Base.lproj/Main.storyboard; sourceTree = "<group>"; };
		6BDE4F1324C66E6700D6535A /* Assets.xcassets */ = {isa = PBXFileReference; lastKnownFileType = folder.assetcatalog; path = Assets.xcassets; sourceTree = "<group>"; };
		6BDE4F1624C66E6700D6535A /* Base */ = {isa = PBXFileReference; lastKnownFileType = file.storyboard; name = Base; path = Base.lproj/LaunchScreen.storyboard; sourceTree = "<group>"; };
		6BDE4F1824C66E6700D6535A /* Info.plist */ = {isa = PBXFileReference; lastKnownFileType = text.plist.xml; path = Info.plist; sourceTree = "<group>"; };
		6BDE4F1D24C66E6800D6535A /* TravelerTests.xctest */ = {isa = PBXFileReference; explicitFileType = wrapper.cfbundle; includeInIndex = 0; path = TravelerTests.xctest; sourceTree = BUILT_PRODUCTS_DIR; };
		6BDE4F2124C66E6800D6535A /* TravelerTests.swift */ = {isa = PBXFileReference; lastKnownFileType = sourcecode.swift; path = TravelerTests.swift; sourceTree = "<group>"; };
		6BDE4F2324C66E6800D6535A /* Info.plist */ = {isa = PBXFileReference; lastKnownFileType = text.plist.xml; path = Info.plist; sourceTree = "<group>"; };
		6BDE4F3424C67E2A00D6535A /* TravelViewController.swift */ = {isa = PBXFileReference; lastKnownFileType = sourcecode.swift; path = TravelViewController.swift; sourceTree = "<group>"; };
		6BDE4F3824C67E6B00D6535A /* HotelsViewController.swift */ = {isa = PBXFileReference; lastKnownFileType = sourcecode.swift; path = HotelsViewController.swift; sourceTree = "<group>"; };
		6BDE4F4124C7B48C00D6535A /* Hotels.storyboard */ = {isa = PBXFileReference; lastKnownFileType = file.storyboard; path = Hotels.storyboard; sourceTree = "<group>"; };
		6BDE4F4324C7B70A00D6535A /* Travel.storyboard */ = {isa = PBXFileReference; lastKnownFileType = file.storyboard; path = Travel.storyboard; sourceTree = "<group>"; };
		6BDE4F4524C7BC1300D6535A /* Images.xcassets */ = {isa = PBXFileReference; lastKnownFileType = folder.assetcatalog; path = Images.xcassets; sourceTree = "<group>"; };
		6BDE4F4724C9064600D6535A /* Places.swift */ = {isa = PBXFileReference; lastKnownFileType = sourcecode.swift; path = Places.swift; sourceTree = "<group>"; };
		6BDE4F4A24C90B3000D6535A /* PlacesViewCell.swift */ = {isa = PBXFileReference; lastKnownFileType = sourcecode.swift; path = PlacesViewCell.swift; sourceTree = "<group>"; };
		6BDE4F4B24C90B3000D6535A /* PlacesViewCell.xib */ = {isa = PBXFileReference; lastKnownFileType = file.xib; path = PlacesViewCell.xib; sourceTree = "<group>"; };
/* End PBXFileReference section */

/* Begin PBXFrameworksBuildPhase section */
		6BDE4F0424C66E6600D6535A /* Frameworks */ = {
			isa = PBXFrameworksBuildPhase;
			buildActionMask = 2147483647;
			files = (
				6BD3660C24DA4D0700B441DB /* Network in Frameworks */,
			);
			runOnlyForDeploymentPostprocessing = 0;
		};
		6BDE4F1A24C66E6800D6535A /* Frameworks */ = {
			isa = PBXFrameworksBuildPhase;
			buildActionMask = 2147483647;
			files = (
			);
			runOnlyForDeploymentPostprocessing = 0;
		};
/* End PBXFrameworksBuildPhase section */

/* Begin PBXGroup section */
		6BD3660824DA4BFC00B441DB /* Frameworks */ = {
			isa = PBXGroup;
			children = (
			);
			name = Frameworks;
			sourceTree = "<group>";
		};
		6BDE4EFE24C66E6600D6535A = {
			isa = PBXGroup;
			children = (
				6BD3660724DA4A9700B441DB /* Network */,
				6BDE4F0924C66E6700D6535A /* Traveler */,
				6BDE4F2024C66E6800D6535A /* TravelerTests */,
				6BDE4F0824C66E6700D6535A /* Products */,
				6BD3660824DA4BFC00B441DB /* Frameworks */,
			);
			sourceTree = "<group>";
		};
		6BDE4F0824C66E6700D6535A /* Products */ = {
			isa = PBXGroup;
			children = (
				6BDE4F0724C66E6700D6535A /* Traveler.app */,
				6BDE4F1D24C66E6800D6535A /* TravelerTests.xctest */,
			);
			name = Products;
			sourceTree = "<group>";
		};
		6BDE4F0924C66E6700D6535A /* Traveler */ = {
			isa = PBXGroup;
			children = (
				6BDE4F2E24C6770600D6535A /* Model */,
				6BDE4F2F24C6770C00D6535A /* ViewModel */,
				6BDE4F3024C6771A00D6535A /* View */,
				6BDE4F2D24C675A000D6535A /* Asset */,
				6BDE4F3224C677BB00D6535A /* Caching */,
				6BDE4F3124C677AA00D6535A /* Network */,
				6BDE4F2C24C6759700D6535A /* Application */,
			);
			path = Traveler;
			sourceTree = "<group>";
		};
		6BDE4F2024C66E6800D6535A /* TravelerTests */ = {
			isa = PBXGroup;
			children = (
				6BDE4F2124C66E6800D6535A /* TravelerTests.swift */,
				6BDE4F2324C66E6800D6535A /* Info.plist */,
			);
			path = TravelerTests;
			sourceTree = "<group>";
		};
		6BDE4F2C24C6759700D6535A /* Application */ = {
			isa = PBXGroup;
			children = (
				6BDE4F1824C66E6700D6535A /* Info.plist */,
				6BDE4F0A24C66E6700D6535A /* AppDelegate.swift */,
				6BDE4F0C24C66E6700D6535A /* SceneDelegate.swift */,
				6BDE4F1024C66E6700D6535A /* Main.storyboard */,
				6BDE4F1524C66E6700D6535A /* LaunchScreen.storyboard */,
			);
			path = Application;
			sourceTree = "<group>";
		};
		6BDE4F2D24C675A000D6535A /* Asset */ = {
			isa = PBXGroup;
			children = (
				6BDE4F1324C66E6700D6535A /* Assets.xcassets */,
				6BDE4F4524C7BC1300D6535A /* Images.xcassets */,
			);
			path = Asset;
			sourceTree = "<group>";
		};
		6BDE4F2E24C6770600D6535A /* Model */ = {
			isa = PBXGroup;
			children = (
				6BDE4F4724C9064600D6535A /* Places.swift */,
			);
			path = Model;
			sourceTree = "<group>";
		};
		6BDE4F2F24C6770C00D6535A /* ViewModel */ = {
			isa = PBXGroup;
			children = (
			);
			path = ViewModel;
			sourceTree = "<group>";
		};
		6BDE4F3024C6771A00D6535A /* View */ = {
			isa = PBXGroup;
			children = (
				6BDE4F3324C67DAF00D6535A /* Controller */,
				6BDE4F4924C90AF400D6535A /* Cell */,
				6BDE4F3A24C67E7D00D6535A /* Storyboard */,
			);
			path = View;
			sourceTree = "<group>";
		};
		6BDE4F3124C677AA00D6535A /* Network */ = {
			isa = PBXGroup;
			children = (
			);
			path = Network;
			sourceTree = "<group>";
		};
		6BDE4F3224C677BB00D6535A /* Caching */ = {
			isa = PBXGroup;
			children = (
			);
			path = Caching;
			sourceTree = "<group>";
		};
		6BDE4F3324C67DAF00D6535A /* Controller */ = {
			isa = PBXGroup;
			children = (
				6BDE4F3424C67E2A00D6535A /* TravelViewController.swift */,
				6BDE4F3824C67E6B00D6535A /* HotelsViewController.swift */,
			);
			path = Controller;
			sourceTree = "<group>";
		};
		6BDE4F3A24C67E7D00D6535A /* Storyboard */ = {
			isa = PBXGroup;
			children = (
				6BDE4F4324C7B70A00D6535A /* Travel.storyboard */,
				6BDE4F4124C7B48C00D6535A /* Hotels.storyboard */,
			);
			path = Storyboard;
			sourceTree = "<group>";
		};
		6BDE4F4924C90AF400D6535A /* Cell */ = {
			isa = PBXGroup;
			children = (
				6BDE4F4A24C90B3000D6535A /* PlacesViewCell.swift */,
				6BDE4F4B24C90B3000D6535A /* PlacesViewCell.xib */,
			);
			path = Cell;
			sourceTree = "<group>";
		};
/* End PBXGroup section */

/* Begin PBXNativeTarget section */
		6BDE4F0624C66E6600D6535A /* Traveler */ = {
			isa = PBXNativeTarget;
			buildConfigurationList = 6BDE4F2624C66E6800D6535A /* Build configuration list for PBXNativeTarget "Traveler" */;
			buildPhases = (
				6BDE4F0324C66E6600D6535A /* Sources */,
				6BDE4F0424C66E6600D6535A /* Frameworks */,
				6BDE4F0524C66E6600D6535A /* Resources */,
			);
			buildRules = (
			);
			dependencies = (
			);
			name = Traveler;
			packageProductDependencies = (
				6BD3660B24DA4D0700B441DB /* Network */,
			);
			productName = Traveler;
			productReference = 6BDE4F0724C66E6700D6535A /* Traveler.app */;
			productType = "com.apple.product-type.application";
		};
		6BDE4F1C24C66E6800D6535A /* TravelerTests */ = {
			isa = PBXNativeTarget;
			buildConfigurationList = 6BDE4F2924C66E6800D6535A /* Build configuration list for PBXNativeTarget "TravelerTests" */;
			buildPhases = (
				6BDE4F1924C66E6800D6535A /* Sources */,
				6BDE4F1A24C66E6800D6535A /* Frameworks */,
				6BDE4F1B24C66E6800D6535A /* Resources */,
			);
			buildRules = (
			);
			dependencies = (
				6BDE4F1F24C66E6800D6535A /* PBXTargetDependency */,
			);
			name = TravelerTests;
			productName = TravelerTests;
			productReference = 6BDE4F1D24C66E6800D6535A /* TravelerTests.xctest */;
			productType = "com.apple.product-type.bundle.unit-test";
		};
/* End PBXNativeTarget section */

/* Begin PBXProject section */
		6BDE4EFF24C66E6600D6535A /* Project object */ = {
			isa = PBXProject;
			attributes = {
				LastSwiftUpdateCheck = 1150;
				LastUpgradeCheck = 1150;
				ORGANIZATIONNAME = "Mahbub  Ahmed";
				TargetAttributes = {
					6BDE4F0624C66E6600D6535A = {
						CreatedOnToolsVersion = 11.5;
					};
					6BDE4F1C24C66E6800D6535A = {
						CreatedOnToolsVersion = 11.5;
						TestTargetID = 6BDE4F0624C66E6600D6535A;
					};
				};
			};
			buildConfigurationList = 6BDE4F0224C66E6600D6535A /* Build configuration list for PBXProject "Traveler" */;
			compatibilityVersion = "Xcode 9.3";
			developmentRegion = en;
			hasScannedForEncodings = 0;
			knownRegions = (
				en,
				Base,
			);
			mainGroup = 6BDE4EFE24C66E6600D6535A;
			productRefGroup = 6BDE4F0824C66E6700D6535A /* Products */;
			projectDirPath = "";
			projectRoot = "";
			targets = (
				6BDE4F0624C66E6600D6535A /* Traveler */,
				6BDE4F1C24C66E6800D6535A /* TravelerTests */,
			);
		};
/* End PBXProject section */

/* Begin PBXResourcesBuildPhase section */
		6BDE4F0524C66E6600D6535A /* Resources */ = {
			isa = PBXResourcesBuildPhase;
			buildActionMask = 2147483647;
			files = (
				6BDE4F1724C66E6700D6535A /* LaunchScreen.storyboard in Resources */,
				6BDE4F1424C66E6700D6535A /* Assets.xcassets in Resources */,
				6BDE4F4224C7B48C00D6535A /* Hotels.storyboard in Resources */,
				6BDE4F4624C7BC1300D6535A /* Images.xcassets in Resources */,
				6BDE4F4424C7B70A00D6535A /* Travel.storyboard in Resources */,
				6BDE4F1224C66E6700D6535A /* Main.storyboard in Resources */,
				6BDE4F4D24C90B3000D6535A /* PlacesViewCell.xib in Resources */,
			);
			runOnlyForDeploymentPostprocessing = 0;
		};
		6BDE4F1B24C66E6800D6535A /* Resources */ = {
			isa = PBXResourcesBuildPhase;
			buildActionMask = 2147483647;
			files = (
			);
			runOnlyForDeploymentPostprocessing = 0;
		};
/* End PBXResourcesBuildPhase section */

/* Begin PBXSourcesBuildPhase section */
		6BDE4F0324C66E6600D6535A /* Sources */ = {
			isa = PBXSourcesBuildPhase;
			buildActionMask = 2147483647;
			files = (
				6BDE4F4824C9064600D6535A /* Places.swift in Sources */,
				6BDE4F3924C67E6B00D6535A /* HotelsViewController.swift in Sources */,
				6BDE4F4C24C90B3000D6535A /* PlacesViewCell.swift in Sources */,
				6BDE4F0B24C66E6700D6535A /* AppDelegate.swift in Sources */,
				6BDE4F0D24C66E6700D6535A /* SceneDelegate.swift in Sources */,
				6BDE4F3524C67E2A00D6535A /* TravelViewController.swift in Sources */,
			);
			runOnlyForDeploymentPostprocessing = 0;
		};
		6BDE4F1924C66E6800D6535A /* Sources */ = {
			isa = PBXSourcesBuildPhase;
			buildActionMask = 2147483647;
			files = (
				6BDE4F2224C66E6800D6535A /* TravelerTests.swift in Sources */,
			);
			runOnlyForDeploymentPostprocessing = 0;
		};
/* End PBXSourcesBuildPhase section */

/* Begin PBXTargetDependency section */
		6BDE4F1F24C66E6800D6535A /* PBXTargetDependency */ = {
			isa = PBXTargetDependency;
			target = 6BDE4F0624C66E6600D6535A /* Traveler */;
			targetProxy = 6BDE4F1E24C66E6800D6535A /* PBXContainerItemProxy */;
		};
/* End PBXTargetDependency section */

/* Begin PBXVariantGroup section */
		6BDE4F1024C66E6700D6535A /* Main.storyboard */ = {
			isa = PBXVariantGroup;
			children = (
				6BDE4F1124C66E6700D6535A /* Base */,
			);
			name = Main.storyboard;
			sourceTree = "<group>";
		};
		6BDE4F1524C66E6700D6535A /* LaunchScreen.storyboard */ = {
			isa = PBXVariantGroup;
			children = (
				6BDE4F1624C66E6700D6535A /* Base */,
			);
			name = LaunchScreen.storyboard;
			sourceTree = "<group>";
		};
/* End PBXVariantGroup section */

/* Begin XCBuildConfiguration section */
		6BDE4F2424C66E6800D6535A /* Debug */ = {
			isa = XCBuildConfiguration;
			buildSettings = {
				ALWAYS_SEARCH_USER_PATHS = NO;
				CLANG_ANALYZER_NONNULL = YES;
				CLANG_ANALYZER_NUMBER_OBJECT_CONVERSION = YES_AGGRESSIVE;
				CLANG_CXX_LANGUAGE_STANDARD = "gnu++14";
				CLANG_CXX_LIBRARY = "libc++";
				CLANG_ENABLE_MODULES = YES;
				CLANG_ENABLE_OBJC_ARC = YES;
				CLANG_ENABLE_OBJC_WEAK = YES;
				CLANG_WARN_BLOCK_CAPTURE_AUTORELEASING = YES;
				CLANG_WARN_BOOL_CONVERSION = YES;
				CLANG_WARN_COMMA = YES;
				CLANG_WARN_CONSTANT_CONVERSION = YES;
				CLANG_WARN_DEPRECATED_OBJC_IMPLEMENTATIONS = YES;
				CLANG_WARN_DIRECT_OBJC_ISA_USAGE = YES_ERROR;
				CLANG_WARN_DOCUMENTATION_COMMENTS = YES;
				CLANG_WARN_EMPTY_BODY = YES;
				CLANG_WARN_ENUM_CONVERSION = YES;
				CLANG_WARN_INFINITE_RECURSION = YES;
				CLANG_WARN_INT_CONVERSION = YES;
				CLANG_WARN_NON_LITERAL_NULL_CONVERSION = YES;
				CLANG_WARN_OBJC_IMPLICIT_RETAIN_SELF = YES;
				CLANG_WARN_OBJC_LITERAL_CONVERSION = YES;
				CLANG_WARN_OBJC_ROOT_CLASS = YES_ERROR;
				CLANG_WARN_RANGE_LOOP_ANALYSIS = YES;
				CLANG_WARN_STRICT_PROTOTYPES = YES;
				CLANG_WARN_SUSPICIOUS_MOVE = YES;
				CLANG_WARN_UNGUARDED_AVAILABILITY = YES_AGGRESSIVE;
				CLANG_WARN_UNREACHABLE_CODE = YES;
				CLANG_WARN__DUPLICATE_METHOD_MATCH = YES;
				COPY_PHASE_STRIP = NO;
				DEBUG_INFORMATION_FORMAT = dwarf;
				ENABLE_STRICT_OBJC_MSGSEND = YES;
				ENABLE_TESTABILITY = YES;
				GCC_C_LANGUAGE_STANDARD = gnu11;
				GCC_DYNAMIC_NO_PIC = NO;
				GCC_NO_COMMON_BLOCKS = YES;
				GCC_OPTIMIZATION_LEVEL = 0;
				GCC_PREPROCESSOR_DEFINITIONS = (
					"DEBUG=1",
					"$(inherited)",
				);
				GCC_WARN_64_TO_32_BIT_CONVERSION = YES;
				GCC_WARN_ABOUT_RETURN_TYPE = YES_ERROR;
				GCC_WARN_UNDECLARED_SELECTOR = YES;
				GCC_WARN_UNINITIALIZED_AUTOS = YES_AGGRESSIVE;
				GCC_WARN_UNUSED_FUNCTION = YES;
				GCC_WARN_UNUSED_VARIABLE = YES;
				IPHONEOS_DEPLOYMENT_TARGET = 13.5;
				MTL_ENABLE_DEBUG_INFO = INCLUDE_SOURCE;
				MTL_FAST_MATH = YES;
				ONLY_ACTIVE_ARCH = YES;
				SDKROOT = iphoneos;
				SWIFT_ACTIVE_COMPILATION_CONDITIONS = DEBUG;
				SWIFT_OPTIMIZATION_LEVEL = "-Onone";
			};
			name = Debug;
		};
		6BDE4F2524C66E6800D6535A /* Release */ = {
			isa = XCBuildConfiguration;
			buildSettings = {
				ALWAYS_SEARCH_USER_PATHS = NO;
				CLANG_ANALYZER_NONNULL = YES;
				CLANG_ANALYZER_NUMBER_OBJECT_CONVERSION = YES_AGGRESSIVE;
				CLANG_CXX_LANGUAGE_STANDARD = "gnu++14";
				CLANG_CXX_LIBRARY = "libc++";
				CLANG_ENABLE_MODULES = YES;
				CLANG_ENABLE_OBJC_ARC = YES;
				CLANG_ENABLE_OBJC_WEAK = YES;
				CLANG_WARN_BLOCK_CAPTURE_AUTORELEASING = YES;
				CLANG_WARN_BOOL_CONVERSION = YES;
				CLANG_WARN_COMMA = YES;
				CLANG_WARN_CONSTANT_CONVERSION = YES;
				CLANG_WARN_DEPRECATED_OBJC_IMPLEMENTATIONS = YES;
				CLANG_WARN_DIRECT_OBJC_ISA_USAGE = YES_ERROR;
				CLANG_WARN_DOCUMENTATION_COMMENTS = YES;
				CLANG_WARN_EMPTY_BODY = YES;
				CLANG_WARN_ENUM_CONVERSION = YES;
				CLANG_WARN_INFINITE_RECURSION = YES;
				CLANG_WARN_INT_CONVERSION = YES;
				CLANG_WARN_NON_LITERAL_NULL_CONVERSION = YES;
				CLANG_WARN_OBJC_IMPLICIT_RETAIN_SELF = YES;
				CLANG_WARN_OBJC_LITERAL_CONVERSION = YES;
				CLANG_WARN_OBJC_ROOT_CLASS = YES_ERROR;
				CLANG_WARN_RANGE_LOOP_ANALYSIS = YES;
				CLANG_WARN_STRICT_PROTOTYPES = YES;
				CLANG_WARN_SUSPICIOUS_MOVE = YES;
				CLANG_WARN_UNGUARDED_AVAILABILITY = YES_AGGRESSIVE;
				CLANG_WARN_UNREACHABLE_CODE = YES;
				CLANG_WARN__DUPLICATE_METHOD_MATCH = YES;
				COPY_PHASE_STRIP = NO;
				DEBUG_INFORMATION_FORMAT = "dwarf-with-dsym";
				ENABLE_NS_ASSERTIONS = NO;
				ENABLE_STRICT_OBJC_MSGSEND = YES;
				GCC_C_LANGUAGE_STANDARD = gnu11;
				GCC_NO_COMMON_BLOCKS = YES;
				GCC_WARN_64_TO_32_BIT_CONVERSION = YES;
				GCC_WARN_ABOUT_RETURN_TYPE = YES_ERROR;
				GCC_WARN_UNDECLARED_SELECTOR = YES;
				GCC_WARN_UNINITIALIZED_AUTOS = YES_AGGRESSIVE;
				GCC_WARN_UNUSED_FUNCTION = YES;
				GCC_WARN_UNUSED_VARIABLE = YES;
				IPHONEOS_DEPLOYMENT_TARGET = 13.5;
				MTL_ENABLE_DEBUG_INFO = NO;
				MTL_FAST_MATH = YES;
				SDKROOT = iphoneos;
				SWIFT_COMPILATION_MODE = wholemodule;
				SWIFT_OPTIMIZATION_LEVEL = "-O";
				VALIDATE_PRODUCT = YES;
			};
			name = Release;
		};
		6BDE4F2724C66E6800D6535A /* Debug */ = {
			isa = XCBuildConfiguration;
			buildSettings = {
				ASSETCATALOG_COMPILER_APPICON_NAME = AppIcon;
				CODE_SIGN_STYLE = Automatic;
				INFOPLIST_FILE = Traveler/Application/Info.plist;
				LD_RUNPATH_SEARCH_PATHS = (
					"$(inherited)",
					"@executable_path/Frameworks",
				);
				PRODUCT_BUNDLE_IDENTIFIER = ma.com.Traveler;
				PRODUCT_NAME = "$(TARGET_NAME)";
				SWIFT_VERSION = 5.0;
				TARGETED_DEVICE_FAMILY = "1,2";
			};
			name = Debug;
		};
		6BDE4F2824C66E6800D6535A /* Release */ = {
			isa = XCBuildConfiguration;
			buildSettings = {
				ASSETCATALOG_COMPILER_APPICON_NAME = AppIcon;
				CODE_SIGN_STYLE = Automatic;
				INFOPLIST_FILE = Traveler/Application/Info.plist;
				LD_RUNPATH_SEARCH_PATHS = (
					"$(inherited)",
					"@executable_path/Frameworks",
				);
				PRODUCT_BUNDLE_IDENTIFIER = ma.com.Traveler;
				PRODUCT_NAME = "$(TARGET_NAME)";
				SWIFT_VERSION = 5.0;
				TARGETED_DEVICE_FAMILY = "1,2";
			};
			name = Release;
		};
		6BDE4F2A24C66E6800D6535A /* Debug */ = {
			isa = XCBuildConfiguration;
			buildSettings = {
				ALWAYS_EMBED_SWIFT_STANDARD_LIBRARIES = YES;
				BUNDLE_LOADER = "$(TEST_HOST)";
				CODE_SIGN_STYLE = Automatic;
				INFOPLIST_FILE = TravelerTests/Info.plist;
				IPHONEOS_DEPLOYMENT_TARGET = 13.5;
				LD_RUNPATH_SEARCH_PATHS = (
					"$(inherited)",
					"@executable_path/Frameworks",
					"@loader_path/Frameworks",
				);
				PRODUCT_BUNDLE_IDENTIFIER = ma.com.TravelerTests;
				PRODUCT_NAME = "$(TARGET_NAME)";
				SWIFT_VERSION = 5.0;
				TARGETED_DEVICE_FAMILY = "1,2";
				TEST_HOST = "$(BUILT_PRODUCTS_DIR)/Traveler.app/Traveler";
			};
			name = Debug;
		};
		6BDE4F2B24C66E6800D6535A /* Release */ = {
			isa = XCBuildConfiguration;
			buildSettings = {
				ALWAYS_EMBED_SWIFT_STANDARD_LIBRARIES = YES;
				BUNDLE_LOADER = "$(TEST_HOST)";
				CODE_SIGN_STYLE = Automatic;
				INFOPLIST_FILE = TravelerTests/Info.plist;
				IPHONEOS_DEPLOYMENT_TARGET = 13.5;
				LD_RUNPATH_SEARCH_PATHS = (
					"$(inherited)",
					"@executable_path/Frameworks",
					"@loader_path/Frameworks",
				);
				PRODUCT_BUNDLE_IDENTIFIER = ma.com.TravelerTests;
				PRODUCT_NAME = "$(TARGET_NAME)";
				SWIFT_VERSION = 5.0;
				TARGETED_DEVICE_FAMILY = "1,2";
				TEST_HOST = "$(BUILT_PRODUCTS_DIR)/Traveler.app/Traveler";
			};
			name = Release;
		};
/* End XCBuildConfiguration section */

/* Begin XCConfigurationList section */
		6BDE4F0224C66E6600D6535A /* Build configuration list for PBXProject "Traveler" */ = {
			isa = XCConfigurationList;
			buildConfigurations = (
				6BDE4F2424C66E6800D6535A /* Debug */,
				6BDE4F2524C66E6800D6535A /* Release */,
			);
			defaultConfigurationIsVisible = 0;
			defaultConfigurationName = Release;
		};
		6BDE4F2624C66E6800D6535A /* Build configuration list for PBXNativeTarget "Traveler" */ = {
			isa = XCConfigurationList;
			buildConfigurations = (
				6BDE4F2724C66E6800D6535A /* Debug */,
				6BDE4F2824C66E6800D6535A /* Release */,
			);
			defaultConfigurationIsVisible = 0;
			defaultConfigurationName = Release;
		};
		6BDE4F2924C66E6800D6535A /* Build configuration list for PBXNativeTarget "TravelerTests" */ = {
			isa = XCConfigurationList;
			buildConfigurations = (
				6BDE4F2A24C66E6800D6535A /* Debug */,
				6BDE4F2B24C66E6800D6535A /* Release */,
			);
			defaultConfigurationIsVisible = 0;
			defaultConfigurationName = Release;
		};
/* End XCConfigurationList section */

/* Begin XCSwiftPackageProductDependency section */
		6BD3660B24DA4D0700B441DB /* Network */ = {
			isa = XCSwiftPackageProductDependency;
			productName = Network;
		};
/* End XCSwiftPackageProductDependency section */
	};
	rootObject = 6BDE4EFF24C66E6600D6535A /* Project object */;
}
